// !$*UTF8*$!
{
	archiveVersion = 1;
	classes = {
	};
	objectVersion = 56;
	objects = {

/* Begin PBXBuildFile section */
		39C9CED82CD9855600F3D04D /* DriveuploaderApp.swift in Sources */ = {isa = PBXBuildFile; fileRef = 39C9CED72CD9855600F3D04D /* DriveuploaderApp.swift */; };
		39C9CEDC2CD9855600F3D04D /* Item.swift in Sources */ = {isa = PBXBuildFile; fileRef = 39C9CEDB2CD9855600F3D04D /* Item.swift */; };
		39C9CEDE2CD9855900F3D04D /* Assets.xcassets in Resources */ = {isa = PBXBuildFile; fileRef = 39C9CEDD2CD9855900F3D04D /* Assets.xcassets */; };
		39C9CEE12CD9855900F3D04D /* Preview Assets.xcassets in Resources */ = {isa = PBXBuildFile; fileRef = 39C9CEE02CD9855900F3D04D /* Preview Assets.xcassets */; };
		39C9CEED2CD9855900F3D04D /* DriveuploaderTests.swift in Sources */ = {isa = PBXBuildFile; fileRef = 39C9CEEC2CD9855900F3D04D /* DriveuploaderTests.swift */; };
		39C9CEF72CD9855900F3D04D /* DriveuploaderUITests.swift in Sources */ = {isa = PBXBuildFile; fileRef = 39C9CEF62CD9855900F3D04D /* DriveuploaderUITests.swift */; };
		39C9CEF92CD9855900F3D04D /* DriveuploaderUITestsLaunchTests.swift in Sources */ = {isa = PBXBuildFile; fileRef = 39C9CEF82CD9855900F3D04D /* DriveuploaderUITestsLaunchTests.swift */; };
		39C9CF062CD986DB00F3D04D /* GoogleDriveManager.swift in Sources */ = {isa = PBXBuildFile; fileRef = 39C9CF052CD986DB00F3D04D /* GoogleDriveManager.swift */; };
		39C9CF092CD9879100F3D04D /* CameraView.swift in Sources */ = {isa = PBXBuildFile; fileRef = 39C9CF082CD9879100F3D04D /* CameraView.swift */; };
		39C9CF0D2CD988DA00F3D04D /* PathCard.swift in Sources */ = {isa = PBXBuildFile; fileRef = 39C9CF0C2CD988DA00F3D04D /* PathCard.swift */; };
		39C9CF0F2CD988F000F3D04D /* SelectionView.swift in Sources */ = {isa = PBXBuildFile; fileRef = 39C9CF0E2CD988F000F3D04D /* SelectionView.swift */; };
		39C9CF112CD9890600F3D04D /* SelectionCard.swift in Sources */ = {isa = PBXBuildFile; fileRef = 39C9CF102CD9890600F3D04D /* SelectionCard.swift */; };
		39C9CF132CD9892500F3D04D /* ActionButtonsView.swift in Sources */ = {isa = PBXBuildFile; fileRef = 39C9CF122CD9892500F3D04D /* ActionButtonsView.swift */; };
		39C9CF152CD9893800F3D04D /* ImagePreviewView.swift in Sources */ = {isa = PBXBuildFile; fileRef = 39C9CF142CD9893800F3D04D /* ImagePreviewView.swift */; };
		39CD40E72CD9AA3A007CA5E9 /* FolderStatsView.swift in Sources */ = {isa = PBXBuildFile; fileRef = 39CD40E62CD9AA3A007CA5E9 /* FolderStatsView.swift */; };
		39CD40E92CDAE8C5007CA5E9 /* UploadQueueManager.swift in Sources */ = {isa = PBXBuildFile; fileRef = 39CD40E82CDAE8C4007CA5E9 /* UploadQueueManager.swift */; };
		39CD40EB2CDB1F46007CA5E9 /* PathConstructor.swift in Sources */ = {isa = PBXBuildFile; fileRef = 39CD40EA2CDB1F46007CA5E9 /* PathConstructor.swift */; };
		39D8EF652CD999B700A0C556 /* ContentView.swift in Sources */ = {isa = PBXBuildFile; fileRef = 39D8EF642CD999B700A0C556 /* ContentView.swift */; };
		39D8EF672CD99A4800A0C556 /* SignInButton.swift in Sources */ = {isa = PBXBuildFile; fileRef = 39D8EF662CD99A4800A0C556 /* SignInButton.swift */; };
		39D8EF692CD99A6E00A0C556 /* LoginView.swift in Sources */ = {isa = PBXBuildFile; fileRef = 39D8EF682CD99A6E00A0C556 /* LoginView.swift */; };
		39E0FB0C2CD99CB00024756A /* GoogleSignIn in Frameworks */ = {isa = PBXBuildFile; productRef = 39E0FB0B2CD99CB00024756A /* GoogleSignIn */; };
		39E0FB0E2CD99CB00024756A /* GoogleSignInSwift in Frameworks */ = {isa = PBXBuildFile; productRef = 39E0FB0D2CD99CB00024756A /* GoogleSignInSwift */; };
		39E0FB102CD99CF60024756A /* GoogleAPIClientForRESTCore in Frameworks */ = {isa = PBXBuildFile; productRef = 39E0FB0F2CD99CF60024756A /* GoogleAPIClientForRESTCore */; };
		39E0FB122CD99CF60024756A /* GoogleAPIClientForREST_ACMEDNS in Frameworks */ = {isa = PBXBuildFile; productRef = 39E0FB112CD99CF60024756A /* GoogleAPIClientForREST_ACMEDNS */; };
		39E0FB142CD99CF60024756A /* GoogleAPIClientForREST_AIPlatformNotebooks in Frameworks */ = {isa = PBXBuildFile; productRef = 39E0FB132CD99CF60024756A /* GoogleAPIClientForREST_AIPlatformNotebooks */; };
		39E0FB162CD99CF60024756A /* GoogleAPIClientForREST_APIGateway in Frameworks */ = {isa = PBXBuildFile; productRef = 39E0FB152CD99CF60024756A /* GoogleAPIClientForREST_APIGateway */; };
		39E0FB182CD99CF70024756A /* GoogleAPIClientForREST_APIManagement in Frameworks */ = {isa = PBXBuildFile; productRef = 39E0FB172CD99CF60024756A /* GoogleAPIClientForREST_APIManagement */; };
		39E85D4B2CD99F85006222FA /* GoogleAPIClientForRESTCore in Frameworks */ = {isa = PBXBuildFile; productRef = 39E85D4A2CD99F85006222FA /* GoogleAPIClientForRESTCore */; };
		39E85D4D2CD99F85006222FA /* GoogleAPIClientForREST_ACMEDNS in Frameworks */ = {isa = PBXBuildFile; productRef = 39E85D4C2CD99F85006222FA /* GoogleAPIClientForREST_ACMEDNS */; };
		39E85D4F2CD9A2EC006222FA /* GoogleAPIClientForREST_AbusiveExperienceReport in Frameworks */ = {isa = PBXBuildFile; productRef = 39E85D4E2CD9A2EC006222FA /* GoogleAPIClientForREST_AbusiveExperienceReport */; };
		39E85D512CD9A2EC006222FA /* GoogleAPIClientForREST_Acceleratedmobilepageurl in Frameworks */ = {isa = PBXBuildFile; productRef = 39E85D502CD9A2EC006222FA /* GoogleAPIClientForREST_Acceleratedmobilepageurl */; };
		39E85D532CD9A2EC006222FA /* GoogleAPIClientForREST_AccessApproval in Frameworks */ = {isa = PBXBuildFile; productRef = 39E85D522CD9A2EC006222FA /* GoogleAPIClientForREST_AccessApproval */; };
		39E85D552CD9A2EC006222FA /* GoogleAPIClientForREST_AccessContextManager in Frameworks */ = {isa = PBXBuildFile; productRef = 39E85D542CD9A2EC006222FA /* GoogleAPIClientForREST_AccessContextManager */; };
		39E85D572CD9A2EC006222FA /* GoogleAPIClientForREST_AdExchangeBuyerII in Frameworks */ = {isa = PBXBuildFile; productRef = 39E85D562CD9A2EC006222FA /* GoogleAPIClientForREST_AdExchangeBuyerII */; };
		39E85D592CD9A2EC006222FA /* GoogleAPIClientForREST_AdExperienceReport in Frameworks */ = {isa = PBXBuildFile; productRef = 39E85D582CD9A2EC006222FA /* GoogleAPIClientForREST_AdExperienceReport */; };
		39E85D5B2CD9A2EC006222FA /* GoogleAPIClientForREST_AdMob in Frameworks */ = {isa = PBXBuildFile; productRef = 39E85D5A2CD9A2EC006222FA /* GoogleAPIClientForREST_AdMob */; };
		39E85D5D2CD9A2EC006222FA /* GoogleAPIClientForREST_AdSenseHost in Frameworks */ = {isa = PBXBuildFile; productRef = 39E85D5C2CD9A2EC006222FA /* GoogleAPIClientForREST_AdSenseHost */; };
		39E85D5F2CD9A2EC006222FA /* GoogleAPIClientForREST_AdSensePlatform in Frameworks */ = {isa = PBXBuildFile; productRef = 39E85D5E2CD9A2EC006222FA /* GoogleAPIClientForREST_AdSensePlatform */; };
		39E85D612CD9A2EC006222FA /* GoogleAPIClientForREST_AddressValidation in Frameworks */ = {isa = PBXBuildFile; productRef = 39E85D602CD9A2EC006222FA /* GoogleAPIClientForREST_AddressValidation */; };
		39E85D632CD9A2EC006222FA /* GoogleAPIClientForREST_Adsense in Frameworks */ = {isa = PBXBuildFile; productRef = 39E85D622CD9A2EC006222FA /* GoogleAPIClientForREST_Adsense */; };
		39E85D652CD9A2EC006222FA /* GoogleAPIClientForREST_Advisorynotifications in Frameworks */ = {isa = PBXBuildFile; productRef = 39E85D642CD9A2EC006222FA /* GoogleAPIClientForREST_Advisorynotifications */; };
		39E85D672CD9A2EC006222FA /* GoogleAPIClientForREST_Aiplatform in Frameworks */ = {isa = PBXBuildFile; productRef = 39E85D662CD9A2EC006222FA /* GoogleAPIClientForREST_Aiplatform */; };
		39E85D692CD9A2EC006222FA /* GoogleAPIClientForREST_AirQuality in Frameworks */ = {isa = PBXBuildFile; productRef = 39E85D682CD9A2EC006222FA /* GoogleAPIClientForREST_AirQuality */; };
		39E85D6B2CD9A2EC006222FA /* GoogleAPIClientForREST_AlertCenter in Frameworks */ = {isa = PBXBuildFile; productRef = 39E85D6A2CD9A2EC006222FA /* GoogleAPIClientForREST_AlertCenter */; };
		39E85D6D2CD9A2EC006222FA /* GoogleAPIClientForREST_Analytics in Frameworks */ = {isa = PBXBuildFile; productRef = 39E85D6C2CD9A2EC006222FA /* GoogleAPIClientForREST_Analytics */; };
		39E85D6F2CD9A2EC006222FA /* GoogleAPIClientForREST_AnalyticsData in Frameworks */ = {isa = PBXBuildFile; productRef = 39E85D6E2CD9A2EC006222FA /* GoogleAPIClientForREST_AnalyticsData */; };
		39E85D712CD9A2EC006222FA /* GoogleAPIClientForREST_AnalyticsHub in Frameworks */ = {isa = PBXBuildFile; productRef = 39E85D702CD9A2EC006222FA /* GoogleAPIClientForREST_AnalyticsHub */; };
		39E85D732CD9A2EC006222FA /* GoogleAPIClientForREST_AnalyticsReporting in Frameworks */ = {isa = PBXBuildFile; productRef = 39E85D722CD9A2EC006222FA /* GoogleAPIClientForREST_AnalyticsReporting */; };
		39E85D752CD9A2EC006222FA /* GoogleAPIClientForREST_AndroidEnterprise in Frameworks */ = {isa = PBXBuildFile; productRef = 39E85D742CD9A2EC006222FA /* GoogleAPIClientForREST_AndroidEnterprise */; };
		39E85D772CD9A2EC006222FA /* GoogleAPIClientForREST_AndroidManagement in Frameworks */ = {isa = PBXBuildFile; productRef = 39E85D762CD9A2EC006222FA /* GoogleAPIClientForREST_AndroidManagement */; };
		39E85D792CD9A2EC006222FA /* GoogleAPIClientForREST_AndroidProvisioningPartner in Frameworks */ = {isa = PBXBuildFile; productRef = 39E85D782CD9A2EC006222FA /* GoogleAPIClientForREST_AndroidProvisioningPartner */; };
		39E85D7B2CD9A2EC006222FA /* GoogleAPIClientForREST_AndroidPublisher in Frameworks */ = {isa = PBXBuildFile; productRef = 39E85D7A2CD9A2EC006222FA /* GoogleAPIClientForREST_AndroidPublisher */; };
		39E85D7D2CD9A2EC006222FA /* GoogleAPIClientForREST_ApiKeysService in Frameworks */ = {isa = PBXBuildFile; productRef = 39E85D7C2CD9A2EC006222FA /* GoogleAPIClientForREST_ApiKeysService */; };
		EE3A18909B8E24884019A40C /* Pods_Driveuploader.framework in Frameworks */ = {isa = PBXBuildFile; fileRef = 6E13771782AD689A5A94738F /* Pods_Driveuploader.framework */; };
/* End PBXBuildFile section */

/* Begin PBXContainerItemProxy section */
		39C9CEE92CD9855900F3D04D /* PBXContainerItemProxy */ = {
			isa = PBXContainerItemProxy;
			containerPortal = 39C9CECC2CD9855600F3D04D /* Project object */;
			proxyType = 1;
			remoteGlobalIDString = 39C9CED32CD9855600F3D04D;
			remoteInfo = Driveuploader;
		};
		39C9CEF32CD9855900F3D04D /* PBXContainerItemProxy */ = {
			isa = PBXContainerItemProxy;
			containerPortal = 39C9CECC2CD9855600F3D04D /* Project object */;
			proxyType = 1;
			remoteGlobalIDString = 39C9CED32CD9855600F3D04D;
			remoteInfo = Driveuploader;
		};
/* End PBXContainerItemProxy section */

/* Begin PBXFileReference section */
		39C9CED42CD9855600F3D04D /* Driveuploader.app */ = {isa = PBXFileReference; explicitFileType = wrapper.application; includeInIndex = 0; path = Driveuploader.app; sourceTree = BUILT_PRODUCTS_DIR; };
		39C9CED72CD9855600F3D04D /* DriveuploaderApp.swift */ = {isa = PBXFileReference; lastKnownFileType = sourcecode.swift; path = DriveuploaderApp.swift; sourceTree = "<group>"; };
		39C9CEDB2CD9855600F3D04D /* Item.swift */ = {isa = PBXFileReference; lastKnownFileType = sourcecode.swift; path = Item.swift; sourceTree = "<group>"; };
		39C9CEDD2CD9855900F3D04D /* Assets.xcassets */ = {isa = PBXFileReference; lastKnownFileType = folder.assetcatalog; path = Assets.xcassets; sourceTree = "<group>"; };
		39C9CEE02CD9855900F3D04D /* Preview Assets.xcassets */ = {isa = PBXFileReference; lastKnownFileType = folder.assetcatalog; path = "Preview Assets.xcassets"; sourceTree = "<group>"; };
		39C9CEE22CD9855900F3D04D /* Driveuploader.entitlements */ = {isa = PBXFileReference; lastKnownFileType = text.plist.entitlements; path = Driveuploader.entitlements; sourceTree = "<group>"; };
		39C9CEE32CD9855900F3D04D /* Info.plist */ = {isa = PBXFileReference; lastKnownFileType = text.plist.xml; path = Info.plist; sourceTree = "<group>"; };
		39C9CEE82CD9855900F3D04D /* DriveuploaderTests.xctest */ = {isa = PBXFileReference; explicitFileType = wrapper.cfbundle; includeInIndex = 0; path = DriveuploaderTests.xctest; sourceTree = BUILT_PRODUCTS_DIR; };
		39C9CEEC2CD9855900F3D04D /* DriveuploaderTests.swift */ = {isa = PBXFileReference; lastKnownFileType = sourcecode.swift; path = DriveuploaderTests.swift; sourceTree = "<group>"; };
		39C9CEF22CD9855900F3D04D /* DriveuploaderUITests.xctest */ = {isa = PBXFileReference; explicitFileType = wrapper.cfbundle; includeInIndex = 0; path = DriveuploaderUITests.xctest; sourceTree = BUILT_PRODUCTS_DIR; };
		39C9CEF62CD9855900F3D04D /* DriveuploaderUITests.swift */ = {isa = PBXFileReference; lastKnownFileType = sourcecode.swift; path = DriveuploaderUITests.swift; sourceTree = "<group>"; };
		39C9CEF82CD9855900F3D04D /* DriveuploaderUITestsLaunchTests.swift */ = {isa = PBXFileReference; lastKnownFileType = sourcecode.swift; path = DriveuploaderUITestsLaunchTests.swift; sourceTree = "<group>"; };
		39C9CF052CD986DB00F3D04D /* GoogleDriveManager.swift */ = {isa = PBXFileReference; lastKnownFileType = sourcecode.swift; path = GoogleDriveManager.swift; sourceTree = "<group>"; };
		39C9CF082CD9879100F3D04D /* CameraView.swift */ = {isa = PBXFileReference; lastKnownFileType = sourcecode.swift; path = CameraView.swift; sourceTree = "<group>"; };
		39C9CF0C2CD988DA00F3D04D /* PathCard.swift */ = {isa = PBXFileReference; lastKnownFileType = sourcecode.swift; path = PathCard.swift; sourceTree = "<group>"; };
		39C9CF0E2CD988F000F3D04D /* SelectionView.swift */ = {isa = PBXFileReference; lastKnownFileType = sourcecode.swift; path = SelectionView.swift; sourceTree = "<group>"; };
		39C9CF102CD9890600F3D04D /* SelectionCard.swift */ = {isa = PBXFileReference; lastKnownFileType = sourcecode.swift; path = SelectionCard.swift; sourceTree = "<group>"; };
		39C9CF122CD9892500F3D04D /* ActionButtonsView.swift */ = {isa = PBXFileReference; lastKnownFileType = sourcecode.swift; path = ActionButtonsView.swift; sourceTree = "<group>"; };
		39C9CF142CD9893800F3D04D /* ImagePreviewView.swift */ = {isa = PBXFileReference; lastKnownFileType = sourcecode.swift; path = ImagePreviewView.swift; sourceTree = "<group>"; };
		39CD40E62CD9AA3A007CA5E9 /* FolderStatsView.swift */ = {isa = PBXFileReference; lastKnownFileType = sourcecode.swift; path = FolderStatsView.swift; sourceTree = "<group>"; };
		39CD40E82CDAE8C4007CA5E9 /* UploadQueueManager.swift */ = {isa = PBXFileReference; lastKnownFileType = sourcecode.swift; path = UploadQueueManager.swift; sourceTree = "<group>"; };
		39CD40EA2CDB1F46007CA5E9 /* PathConstructor.swift */ = {isa = PBXFileReference; lastKnownFileType = sourcecode.swift; path = PathConstructor.swift; sourceTree = "<group>"; };
		39D8EF642CD999B700A0C556 /* ContentView.swift */ = {isa = PBXFileReference; lastKnownFileType = sourcecode.swift; path = ContentView.swift; sourceTree = "<group>"; };
		39D8EF662CD99A4800A0C556 /* SignInButton.swift */ = {isa = PBXFileReference; lastKnownFileType = sourcecode.swift; path = SignInButton.swift; sourceTree = "<group>"; };
		39D8EF682CD99A6E00A0C556 /* LoginView.swift */ = {isa = PBXFileReference; lastKnownFileType = sourcecode.swift; path = LoginView.swift; sourceTree = "<group>"; };
		39F834992CD9A51300364174 /* Driveuploader-Bridging-Header.h */ = {isa = PBXFileReference; lastKnownFileType = sourcecode.c.h; path = "Driveuploader-Bridging-Header.h"; sourceTree = "<group>"; };
		6E13771782AD689A5A94738F /* Pods_Driveuploader.framework */ = {isa = PBXFileReference; explicitFileType = wrapper.framework; includeInIndex = 0; path = Pods_Driveuploader.framework; sourceTree = BUILT_PRODUCTS_DIR; };
		8BD9E43EB89EE86F8C425CE7 /* Pods-Driveuploader.debug.xcconfig */ = {isa = PBXFileReference; includeInIndex = 1; lastKnownFileType = text.xcconfig; name = "Pods-Driveuploader.debug.xcconfig"; path = "Target Support Files/Pods-Driveuploader/Pods-Driveuploader.debug.xcconfig"; sourceTree = "<group>"; };
		9A2CD9F257595905E42B7CE6 /* Pods-Driveuploader.release.xcconfig */ = {isa = PBXFileReference; includeInIndex = 1; lastKnownFileType = text.xcconfig; name = "Pods-Driveuploader.release.xcconfig"; path = "Target Support Files/Pods-Driveuploader/Pods-Driveuploader.release.xcconfig"; sourceTree = "<group>"; };
/* End PBXFileReference section */

/* Begin PBXFrameworksBuildPhase section */
		39C9CED12CD9855600F3D04D /* Frameworks */ = {
			isa = PBXFrameworksBuildPhase;
			buildActionMask = 2147483647;
			files = (
				39E85D632CD9A2EC006222FA /* GoogleAPIClientForREST_Adsense in Frameworks */,
				39E0FB162CD99CF60024756A /* GoogleAPIClientForREST_APIGateway in Frameworks */,
				39E85D5D2CD9A2EC006222FA /* GoogleAPIClientForREST_AdSenseHost in Frameworks */,
				39E85D4F2CD9A2EC006222FA /* GoogleAPIClientForREST_AbusiveExperienceReport in Frameworks */,
				39E85D572CD9A2EC006222FA /* GoogleAPIClientForREST_AdExchangeBuyerII in Frameworks */,
				39E85D6B2CD9A2EC006222FA /* GoogleAPIClientForREST_AlertCenter in Frameworks */,
				39E85D7D2CD9A2EC006222FA /* GoogleAPIClientForREST_ApiKeysService in Frameworks */,
				39E0FB0E2CD99CB00024756A /* GoogleSignInSwift in Frameworks */,
				39E0FB142CD99CF60024756A /* GoogleAPIClientForREST_AIPlatformNotebooks in Frameworks */,
				39E0FB102CD99CF60024756A /* GoogleAPIClientForRESTCore in Frameworks */,
				39E85D792CD9A2EC006222FA /* GoogleAPIClientForREST_AndroidProvisioningPartner in Frameworks */,
				39E0FB182CD99CF70024756A /* GoogleAPIClientForREST_APIManagement in Frameworks */,
				39E85D652CD9A2EC006222FA /* GoogleAPIClientForREST_Advisorynotifications in Frameworks */,
				39E85D5B2CD9A2EC006222FA /* GoogleAPIClientForREST_AdMob in Frameworks */,
				39E0FB0C2CD99CB00024756A /* GoogleSignIn in Frameworks */,
				39E85D732CD9A2EC006222FA /* GoogleAPIClientForREST_AnalyticsReporting in Frameworks */,
				39E85D772CD9A2EC006222FA /* GoogleAPIClientForREST_AndroidManagement in Frameworks */,
				39E85D532CD9A2EC006222FA /* GoogleAPIClientForREST_AccessApproval in Frameworks */,
				39E85D6F2CD9A2EC006222FA /* GoogleAPIClientForREST_AnalyticsData in Frameworks */,
				39E85D752CD9A2EC006222FA /* GoogleAPIClientForREST_AndroidEnterprise in Frameworks */,
				39E0FB122CD99CF60024756A /* GoogleAPIClientForREST_ACMEDNS in Frameworks */,
				39E85D592CD9A2EC006222FA /* GoogleAPIClientForREST_AdExperienceReport in Frameworks */,
				39E85D5F2CD9A2EC006222FA /* GoogleAPIClientForREST_AdSensePlatform in Frameworks */,
				39E85D512CD9A2EC006222FA /* GoogleAPIClientForREST_Acceleratedmobilepageurl in Frameworks */,
				39E85D612CD9A2EC006222FA /* GoogleAPIClientForREST_AddressValidation in Frameworks */,
				39E85D712CD9A2EC006222FA /* GoogleAPIClientForREST_AnalyticsHub in Frameworks */,
				39E85D692CD9A2EC006222FA /* GoogleAPIClientForREST_AirQuality in Frameworks */,
				39E85D6D2CD9A2EC006222FA /* GoogleAPIClientForREST_Analytics in Frameworks */,
				39E85D7B2CD9A2EC006222FA /* GoogleAPIClientForREST_AndroidPublisher in Frameworks */,
				39E85D672CD9A2EC006222FA /* GoogleAPIClientForREST_Aiplatform in Frameworks */,
				39E85D552CD9A2EC006222FA /* GoogleAPIClientForREST_AccessContextManager in Frameworks */,
				EE3A18909B8E24884019A40C /* Pods_Driveuploader.framework in Frameworks */,
			);
			runOnlyForDeploymentPostprocessing = 0;
		};
		39C9CEE52CD9855900F3D04D /* Frameworks */ = {
			isa = PBXFrameworksBuildPhase;
			buildActionMask = 2147483647;
			files = (
				39E85D4B2CD99F85006222FA /* GoogleAPIClientForRESTCore in Frameworks */,
			);
			runOnlyForDeploymentPostprocessing = 0;
		};
		39C9CEEF2CD9855900F3D04D /* Frameworks */ = {
			isa = PBXFrameworksBuildPhase;
			buildActionMask = 2147483647;
			files = (
				39E85D4D2CD99F85006222FA /* GoogleAPIClientForREST_ACMEDNS in Frameworks */,
			);
			runOnlyForDeploymentPostprocessing = 0;
		};
/* End PBXFrameworksBuildPhase section */

/* Begin PBXGroup section */
		339730CE005C75C948E2E6F4 /* Frameworks */ = {
			isa = PBXGroup;
			children = (
				6E13771782AD689A5A94738F /* Pods_Driveuploader.framework */,
			);
			name = Frameworks;
			sourceTree = "<group>";
		};
		39C9CECB2CD9855600F3D04D = {
			isa = PBXGroup;
			children = (
				39C9CED62CD9855600F3D04D /* Driveuploader */,
				39C9CEEB2CD9855900F3D04D /* DriveuploaderTests */,
				39C9CEF52CD9855900F3D04D /* DriveuploaderUITests */,
				39C9CED52CD9855600F3D04D /* Products */,
				48088084F6EB2A67E279B760 /* Pods */,
				339730CE005C75C948E2E6F4 /* Frameworks */,
			);
			sourceTree = "<group>";
		};
		39C9CED52CD9855600F3D04D /* Products */ = {
			isa = PBXGroup;
			children = (
				39C9CED42CD9855600F3D04D /* Driveuploader.app */,
				39C9CEE82CD9855900F3D04D /* DriveuploaderTests.xctest */,
				39C9CEF22CD9855900F3D04D /* DriveuploaderUITests.xctest */,
			);
			name = Products;
			sourceTree = "<group>";
		};
		39C9CED62CD9855600F3D04D /* Driveuploader */ = {
			isa = PBXGroup;
			children = (
				39C9CED72CD9855600F3D04D /* DriveuploaderApp.swift */,
				39C9CEDB2CD9855600F3D04D /* Item.swift */,
				39C9CEDD2CD9855900F3D04D /* Assets.xcassets */,
				39C9CEE22CD9855900F3D04D /* Driveuploader.entitlements */,
				39C9CEE32CD9855900F3D04D /* Info.plist */,
				39C9CEDF2CD9855900F3D04D /* Preview Content */,
				39C9CF052CD986DB00F3D04D /* GoogleDriveManager.swift */,
				39C9CF082CD9879100F3D04D /* CameraView.swift */,
				39C9CF0C2CD988DA00F3D04D /* PathCard.swift */,
				39C9CF0E2CD988F000F3D04D /* SelectionView.swift */,
				39C9CF102CD9890600F3D04D /* SelectionCard.swift */,
				39C9CF122CD9892500F3D04D /* ActionButtonsView.swift */,
				39C9CF142CD9893800F3D04D /* ImagePreviewView.swift */,
				39D8EF642CD999B700A0C556 /* ContentView.swift */,
				39D8EF662CD99A4800A0C556 /* SignInButton.swift */,
				39D8EF682CD99A6E00A0C556 /* LoginView.swift */,
				39F834992CD9A51300364174 /* Driveuploader-Bridging-Header.h */,
				39CD40E62CD9AA3A007CA5E9 /* FolderStatsView.swift */,
				39CD40E82CDAE8C4007CA5E9 /* UploadQueueManager.swift */,
				39CD40EA2CDB1F46007CA5E9 /* PathConstructor.swift */,
			);
			path = Driveuploader;
			sourceTree = "<group>";
		};
		39C9CEDF2CD9855900F3D04D /* Preview Content */ = {
			isa = PBXGroup;
			children = (
				39C9CEE02CD9855900F3D04D /* Preview Assets.xcassets */,
			);
			path = "Preview Content";
			sourceTree = "<group>";
		};
		39C9CEEB2CD9855900F3D04D /* DriveuploaderTests */ = {
			isa = PBXGroup;
			children = (
				39C9CEEC2CD9855900F3D04D /* DriveuploaderTests.swift */,
			);
			path = DriveuploaderTests;
			sourceTree = "<group>";
		};
		39C9CEF52CD9855900F3D04D /* DriveuploaderUITests */ = {
			isa = PBXGroup;
			children = (
				39C9CEF62CD9855900F3D04D /* DriveuploaderUITests.swift */,
				39C9CEF82CD9855900F3D04D /* DriveuploaderUITestsLaunchTests.swift */,
			);
			path = DriveuploaderUITests;
			sourceTree = "<group>";
		};
		48088084F6EB2A67E279B760 /* Pods */ = {
			isa = PBXGroup;
			children = (
				8BD9E43EB89EE86F8C425CE7 /* Pods-Driveuploader.debug.xcconfig */,
				9A2CD9F257595905E42B7CE6 /* Pods-Driveuploader.release.xcconfig */,
			);
			path = Pods;
			sourceTree = "<group>";
		};
/* End PBXGroup section */

/* Begin PBXNativeTarget section */
		39C9CED32CD9855600F3D04D /* Driveuploader */ = {
			isa = PBXNativeTarget;
			buildConfigurationList = 39C9CEFC2CD9855900F3D04D /* Build configuration list for PBXNativeTarget "Driveuploader" */;
			buildPhases = (
				DA742C3434B5F762C00B450F /* [CP] Check Pods Manifest.lock */,
				39C9CED02CD9855600F3D04D /* Sources */,
				39C9CED12CD9855600F3D04D /* Frameworks */,
				39C9CED22CD9855600F3D04D /* Resources */,
				6B0990DB0B276D7103B52C35 /* [CP] Embed Pods Frameworks */,
			);
			buildRules = (
			);
			dependencies = (
			);
			name = Driveuploader;
			packageProductDependencies = (
				39E0FB0B2CD99CB00024756A /* GoogleSignIn */,
				39E0FB0D2CD99CB00024756A /* GoogleSignInSwift */,
				39E0FB0F2CD99CF60024756A /* GoogleAPIClientForRESTCore */,
				39E0FB112CD99CF60024756A /* GoogleAPIClientForREST_ACMEDNS */,
				39E0FB132CD99CF60024756A /* GoogleAPIClientForREST_AIPlatformNotebooks */,
				39E0FB152CD99CF60024756A /* GoogleAPIClientForREST_APIGateway */,
				39E0FB172CD99CF60024756A /* GoogleAPIClientForREST_APIManagement */,
				39E85D4E2CD9A2EC006222FA /* GoogleAPIClientForREST_AbusiveExperienceReport */,
				39E85D502CD9A2EC006222FA /* GoogleAPIClientForREST_Acceleratedmobilepageurl */,
				39E85D522CD9A2EC006222FA /* GoogleAPIClientForREST_AccessApproval */,
				39E85D542CD9A2EC006222FA /* GoogleAPIClientForREST_AccessContextManager */,
				39E85D562CD9A2EC006222FA /* GoogleAPIClientForREST_AdExchangeBuyerII */,
				39E85D582CD9A2EC006222FA /* GoogleAPIClientForREST_AdExperienceReport */,
				39E85D5A2CD9A2EC006222FA /* GoogleAPIClientForREST_AdMob */,
				39E85D5C2CD9A2EC006222FA /* GoogleAPIClientForREST_AdSenseHost */,
				39E85D5E2CD9A2EC006222FA /* GoogleAPIClientForREST_AdSensePlatform */,
				39E85D602CD9A2EC006222FA /* GoogleAPIClientForREST_AddressValidation */,
				39E85D622CD9A2EC006222FA /* GoogleAPIClientForREST_Adsense */,
				39E85D642CD9A2EC006222FA /* GoogleAPIClientForREST_Advisorynotifications */,
				39E85D662CD9A2EC006222FA /* GoogleAPIClientForREST_Aiplatform */,
				39E85D682CD9A2EC006222FA /* GoogleAPIClientForREST_AirQuality */,
				39E85D6A2CD9A2EC006222FA /* GoogleAPIClientForREST_AlertCenter */,
				39E85D6C2CD9A2EC006222FA /* GoogleAPIClientForREST_Analytics */,
				39E85D6E2CD9A2EC006222FA /* GoogleAPIClientForREST_AnalyticsData */,
				39E85D702CD9A2EC006222FA /* GoogleAPIClientForREST_AnalyticsHub */,
				39E85D722CD9A2EC006222FA /* GoogleAPIClientForREST_AnalyticsReporting */,
				39E85D742CD9A2EC006222FA /* GoogleAPIClientForREST_AndroidEnterprise */,
				39E85D762CD9A2EC006222FA /* GoogleAPIClientForREST_AndroidManagement */,
				39E85D782CD9A2EC006222FA /* GoogleAPIClientForREST_AndroidProvisioningPartner */,
				39E85D7A2CD9A2EC006222FA /* GoogleAPIClientForREST_AndroidPublisher */,
				39E85D7C2CD9A2EC006222FA /* GoogleAPIClientForREST_ApiKeysService */,
			);
			productName = Driveuploader;
			productReference = 39C9CED42CD9855600F3D04D /* Driveuploader.app */;
			productType = "com.apple.product-type.application";
		};
		39C9CEE72CD9855900F3D04D /* DriveuploaderTests */ = {
			isa = PBXNativeTarget;
			buildConfigurationList = 39C9CEFF2CD9855900F3D04D /* Build configuration list for PBXNativeTarget "DriveuploaderTests" */;
			buildPhases = (
				39C9CEE42CD9855900F3D04D /* Sources */,
				39C9CEE52CD9855900F3D04D /* Frameworks */,
				39C9CEE62CD9855900F3D04D /* Resources */,
			);
			buildRules = (
			);
			dependencies = (
				39C9CEEA2CD9855900F3D04D /* PBXTargetDependency */,
			);
			name = DriveuploaderTests;
			packageProductDependencies = (
				39E85D4A2CD99F85006222FA /* GoogleAPIClientForRESTCore */,
			);
			productName = DriveuploaderTests;
			productReference = 39C9CEE82CD9855900F3D04D /* DriveuploaderTests.xctest */;
			productType = "com.apple.product-type.bundle.unit-test";
		};
		39C9CEF12CD9855900F3D04D /* DriveuploaderUITests */ = {
			isa = PBXNativeTarget;
			buildConfigurationList = 39C9CF022CD9855900F3D04D /* Build configuration list for PBXNativeTarget "DriveuploaderUITests" */;
			buildPhases = (
				39C9CEEE2CD9855900F3D04D /* Sources */,
				39C9CEEF2CD9855900F3D04D /* Frameworks */,
				39C9CEF02CD9855900F3D04D /* Resources */,
			);
			buildRules = (
			);
			dependencies = (
				39C9CEF42CD9855900F3D04D /* PBXTargetDependency */,
			);
			name = DriveuploaderUITests;
			packageProductDependencies = (
				39E85D4C2CD99F85006222FA /* GoogleAPIClientForREST_ACMEDNS */,
			);
			productName = DriveuploaderUITests;
			productReference = 39C9CEF22CD9855900F3D04D /* DriveuploaderUITests.xctest */;
			productType = "com.apple.product-type.bundle.ui-testing";
		};
/* End PBXNativeTarget section */

/* Begin PBXProject section */
		39C9CECC2CD9855600F3D04D /* Project object */ = {
			isa = PBXProject;
			attributes = {
				BuildIndependentTargetsInParallel = 1;
				LastSwiftUpdateCheck = 1500;
				LastUpgradeCheck = 1500;
				TargetAttributes = {
					39C9CED32CD9855600F3D04D = {
						CreatedOnToolsVersion = 15.0.1;
					};
					39C9CEE72CD9855900F3D04D = {
						CreatedOnToolsVersion = 15.0.1;
						TestTargetID = 39C9CED32CD9855600F3D04D;
					};
					39C9CEF12CD9855900F3D04D = {
						CreatedOnToolsVersion = 15.0.1;
						TestTargetID = 39C9CED32CD9855600F3D04D;
					};
				};
			};
			buildConfigurationList = 39C9CECF2CD9855600F3D04D /* Build configuration list for PBXProject "Driveuploader" */;
			compatibilityVersion = "Xcode 14.0";
			developmentRegion = en;
			hasScannedForEncodings = 0;
			knownRegions = (
				en,
				Base,
			);
			mainGroup = 39C9CECB2CD9855600F3D04D;
			packageReferences = (
				39C9CF072CD9874F00F3D04D /* XCRemoteSwiftPackageReference "GoogleSignIn-iOS" */,
				39C9CF1A2CD990BB00F3D04D /* XCRemoteSwiftPackageReference "google-api-objectivec-client-for-rest" */,
			);
			productRefGroup = 39C9CED52CD9855600F3D04D /* Products */;
			projectDirPath = "";
			projectRoot = "";
			targets = (
				39C9CED32CD9855600F3D04D /* Driveuploader */,
				39C9CEE72CD9855900F3D04D /* DriveuploaderTests */,
				39C9CEF12CD9855900F3D04D /* DriveuploaderUITests */,
			);
		};
/* End PBXProject section */

/* Begin PBXResourcesBuildPhase section */
		39C9CED22CD9855600F3D04D /* Resources */ = {
			isa = PBXResourcesBuildPhase;
			buildActionMask = 2147483647;
			files = (
				39C9CEE12CD9855900F3D04D /* Preview Assets.xcassets in Resources */,
				39C9CEDE2CD9855900F3D04D /* Assets.xcassets in Resources */,
			);
			runOnlyForDeploymentPostprocessing = 0;
		};
		39C9CEE62CD9855900F3D04D /* Resources */ = {
			isa = PBXResourcesBuildPhase;
			buildActionMask = 2147483647;
			files = (
			);
			runOnlyForDeploymentPostprocessing = 0;
		};
		39C9CEF02CD9855900F3D04D /* Resources */ = {
			isa = PBXResourcesBuildPhase;
			buildActionMask = 2147483647;
			files = (
			);
			runOnlyForDeploymentPostprocessing = 0;
		};
/* End PBXResourcesBuildPhase section */

/* Begin PBXShellScriptBuildPhase section */
		6B0990DB0B276D7103B52C35 /* [CP] Embed Pods Frameworks */ = {
			isa = PBXShellScriptBuildPhase;
			buildActionMask = 2147483647;
			files = (
			);
			inputFileListPaths = (
				"${PODS_ROOT}/Target Support Files/Pods-Driveuploader/Pods-Driveuploader-frameworks-${CONFIGURATION}-input-files.xcfilelist",
			);
			name = "[CP] Embed Pods Frameworks";
			outputFileListPaths = (
				"${PODS_ROOT}/Target Support Files/Pods-Driveuploader/Pods-Driveuploader-frameworks-${CONFIGURATION}-output-files.xcfilelist",
			);
			runOnlyForDeploymentPostprocessing = 0;
			shellPath = /bin/sh;
			shellScript = "\"${PODS_ROOT}/Target Support Files/Pods-Driveuploader/Pods-Driveuploader-frameworks.sh\"\n";
			showEnvVarsInLog = 0;
		};
		DA742C3434B5F762C00B450F /* [CP] Check Pods Manifest.lock */ = {
			isa = PBXShellScriptBuildPhase;
			buildActionMask = 2147483647;
			files = (
			);
			inputFileListPaths = (
			);
			inputPaths = (
				"${PODS_PODFILE_DIR_PATH}/Podfile.lock",
				"${PODS_ROOT}/Manifest.lock",
			);
			name = "[CP] Check Pods Manifest.lock";
			outputFileListPaths = (
			);
			outputPaths = (
				"$(DERIVED_FILE_DIR)/Pods-Driveuploader-checkManifestLockResult.txt",
			);
			runOnlyForDeploymentPostprocessing = 0;
			shellPath = /bin/sh;
			shellScript = "diff \"${PODS_PODFILE_DIR_PATH}/Podfile.lock\" \"${PODS_ROOT}/Manifest.lock\" > /dev/null\nif [ $? != 0 ] ; then\n    # print error to STDERR\n    echo \"error: The sandbox is not in sync with the Podfile.lock. Run 'pod install' or update your CocoaPods installation.\" >&2\n    exit 1\nfi\n# This output is used by Xcode 'outputs' to avoid re-running this script phase.\necho \"SUCCESS\" > \"${SCRIPT_OUTPUT_FILE_0}\"\n";
			showEnvVarsInLog = 0;
		};
/* End PBXShellScriptBuildPhase section */

/* Begin PBXSourcesBuildPhase section */
		39C9CED02CD9855600F3D04D /* Sources */ = {
			isa = PBXSourcesBuildPhase;
			buildActionMask = 2147483647;
			files = (
				39C9CF132CD9892500F3D04D /* ActionButtonsView.swift in Sources */,
				39D8EF652CD999B700A0C556 /* ContentView.swift in Sources */,
				39CD40E72CD9AA3A007CA5E9 /* FolderStatsView.swift in Sources */,
				39C9CF152CD9893800F3D04D /* ImagePreviewView.swift in Sources */,
				39C9CF0D2CD988DA00F3D04D /* PathCard.swift in Sources */,
				39CD40EB2CDB1F46007CA5E9 /* PathConstructor.swift in Sources */,
				39D8EF672CD99A4800A0C556 /* SignInButton.swift in Sources */,
				39C9CF062CD986DB00F3D04D /* GoogleDriveManager.swift in Sources */,
				39D8EF692CD99A6E00A0C556 /* LoginView.swift in Sources */,
				39C9CEDC2CD9855600F3D04D /* Item.swift in Sources */,
				39C9CF092CD9879100F3D04D /* CameraView.swift in Sources */,
				39CD40E92CDAE8C5007CA5E9 /* UploadQueueManager.swift in Sources */,
				39C9CF112CD9890600F3D04D /* SelectionCard.swift in Sources */,
				39C9CED82CD9855600F3D04D /* DriveuploaderApp.swift in Sources */,
				39C9CF0F2CD988F000F3D04D /* SelectionView.swift in Sources */,
			);
			runOnlyForDeploymentPostprocessing = 0;
		};
		39C9CEE42CD9855900F3D04D /* Sources */ = {
			isa = PBXSourcesBuildPhase;
			buildActionMask = 2147483647;
			files = (
				39C9CEED2CD9855900F3D04D /* DriveuploaderTests.swift in Sources */,
			);
			runOnlyForDeploymentPostprocessing = 0;
		};
		39C9CEEE2CD9855900F3D04D /* Sources */ = {
			isa = PBXSourcesBuildPhase;
			buildActionMask = 2147483647;
			files = (
				39C9CEF72CD9855900F3D04D /* DriveuploaderUITests.swift in Sources */,
				39C9CEF92CD9855900F3D04D /* DriveuploaderUITestsLaunchTests.swift in Sources */,
			);
			runOnlyForDeploymentPostprocessing = 0;
		};
/* End PBXSourcesBuildPhase section */

/* Begin PBXTargetDependency section */
		39C9CEEA2CD9855900F3D04D /* PBXTargetDependency */ = {
			isa = PBXTargetDependency;
			target = 39C9CED32CD9855600F3D04D /* Driveuploader */;
			targetProxy = 39C9CEE92CD9855900F3D04D /* PBXContainerItemProxy */;
		};
		39C9CEF42CD9855900F3D04D /* PBXTargetDependency */ = {
			isa = PBXTargetDependency;
			target = 39C9CED32CD9855600F3D04D /* Driveuploader */;
			targetProxy = 39C9CEF32CD9855900F3D04D /* PBXContainerItemProxy */;
		};
/* End PBXTargetDependency section */

/* Begin XCBuildConfiguration section */
		39C9CEFA2CD9855900F3D04D /* Debug */ = {
			isa = XCBuildConfiguration;
			buildSettings = {
				ALWAYS_SEARCH_USER_PATHS = NO;
				ASSETCATALOG_COMPILER_GENERATE_SWIFT_ASSET_SYMBOL_EXTENSIONS = YES;
				CLANG_ANALYZER_NONNULL = YES;
				CLANG_ANALYZER_NUMBER_OBJECT_CONVERSION = YES_AGGRESSIVE;
				CLANG_CXX_LANGUAGE_STANDARD = "gnu++20";
				CLANG_ENABLE_MODULES = YES;
				CLANG_ENABLE_OBJC_ARC = YES;
				CLANG_ENABLE_OBJC_WEAK = YES;
				CLANG_WARN_BLOCK_CAPTURE_AUTORELEASING = YES;
				CLANG_WARN_BOOL_CONVERSION = YES;
				CLANG_WARN_COMMA = YES;
				CLANG_WARN_CONSTANT_CONVERSION = YES;
				CLANG_WARN_DEPRECATED_OBJC_IMPLEMENTATIONS = YES;
				CLANG_WARN_DIRECT_OBJC_ISA_USAGE = YES_ERROR;
				CLANG_WARN_DOCUMENTATION_COMMENTS = YES;
				CLANG_WARN_EMPTY_BODY = YES;
				CLANG_WARN_ENUM_CONVERSION = YES;
				CLANG_WARN_INFINITE_RECURSION = YES;
				CLANG_WARN_INT_CONVERSION = YES;
				CLANG_WARN_NON_LITERAL_NULL_CONVERSION = YES;
				CLANG_WARN_OBJC_IMPLICIT_RETAIN_SELF = YES;
				CLANG_WARN_OBJC_LITERAL_CONVERSION = YES;
				CLANG_WARN_OBJC_ROOT_CLASS = YES_ERROR;
				CLANG_WARN_QUOTED_INCLUDE_IN_FRAMEWORK_HEADER = YES;
				CLANG_WARN_RANGE_LOOP_ANALYSIS = YES;
				CLANG_WARN_STRICT_PROTOTYPES = YES;
				CLANG_WARN_SUSPICIOUS_MOVE = YES;
				CLANG_WARN_UNGUARDED_AVAILABILITY = YES_AGGRESSIVE;
				CLANG_WARN_UNREACHABLE_CODE = YES;
				CLANG_WARN__DUPLICATE_METHOD_MATCH = YES;
				COPY_PHASE_STRIP = NO;
				DEBUG_INFORMATION_FORMAT = dwarf;
				ENABLE_STRICT_OBJC_MSGSEND = YES;
				ENABLE_TESTABILITY = YES;
				ENABLE_USER_SCRIPT_SANDBOXING = YES;
				GCC_C_LANGUAGE_STANDARD = gnu17;
				GCC_DYNAMIC_NO_PIC = NO;
				GCC_NO_COMMON_BLOCKS = YES;
				GCC_OPTIMIZATION_LEVEL = 0;
				GCC_PREPROCESSOR_DEFINITIONS = (
					"DEBUG=1",
					"$(inherited)",
				);
				GCC_WARN_64_TO_32_BIT_CONVERSION = YES;
				GCC_WARN_ABOUT_RETURN_TYPE = YES_ERROR;
				GCC_WARN_UNDECLARED_SELECTOR = YES;
				GCC_WARN_UNINITIALIZED_AUTOS = YES_AGGRESSIVE;
				GCC_WARN_UNUSED_FUNCTION = YES;
				GCC_WARN_UNUSED_VARIABLE = YES;
				IPHONEOS_DEPLOYMENT_TARGET = 17.0;
				LOCALIZATION_PREFERS_STRING_CATALOGS = YES;
				MTL_ENABLE_DEBUG_INFO = INCLUDE_SOURCE;
				MTL_FAST_MATH = YES;
				ONLY_ACTIVE_ARCH = YES;
				SDKROOT = iphoneos;
				SWIFT_ACTIVE_COMPILATION_CONDITIONS = "DEBUG $(inherited)";
				SWIFT_OPTIMIZATION_LEVEL = "-Onone";
			};
			name = Debug;
		};
		39C9CEFB2CD9855900F3D04D /* Release */ = {
			isa = XCBuildConfiguration;
			buildSettings = {
				ALWAYS_SEARCH_USER_PATHS = NO;
				ASSETCATALOG_COMPILER_GENERATE_SWIFT_ASSET_SYMBOL_EXTENSIONS = YES;
				CLANG_ANALYZER_NONNULL = YES;
				CLANG_ANALYZER_NUMBER_OBJECT_CONVERSION = YES_AGGRESSIVE;
				CLANG_CXX_LANGUAGE_STANDARD = "gnu++20";
				CLANG_ENABLE_MODULES = YES;
				CLANG_ENABLE_OBJC_ARC = YES;
				CLANG_ENABLE_OBJC_WEAK = YES;
				CLANG_WARN_BLOCK_CAPTURE_AUTORELEASING = YES;
				CLANG_WARN_BOOL_CONVERSION = YES;
				CLANG_WARN_COMMA = YES;
				CLANG_WARN_CONSTANT_CONVERSION = YES;
				CLANG_WARN_DEPRECATED_OBJC_IMPLEMENTATIONS = YES;
				CLANG_WARN_DIRECT_OBJC_ISA_USAGE = YES_ERROR;
				CLANG_WARN_DOCUMENTATION_COMMENTS = YES;
				CLANG_WARN_EMPTY_BODY = YES;
				CLANG_WARN_ENUM_CONVERSION = YES;
				CLANG_WARN_INFINITE_RECURSION = YES;
				CLANG_WARN_INT_CONVERSION = YES;
				CLANG_WARN_NON_LITERAL_NULL_CONVERSION = YES;
				CLANG_WARN_OBJC_IMPLICIT_RETAIN_SELF = YES;
				CLANG_WARN_OBJC_LITERAL_CONVERSION = YES;
				CLANG_WARN_OBJC_ROOT_CLASS = YES_ERROR;
				CLANG_WARN_QUOTED_INCLUDE_IN_FRAMEWORK_HEADER = YES;
				CLANG_WARN_RANGE_LOOP_ANALYSIS = YES;
				CLANG_WARN_STRICT_PROTOTYPES = YES;
				CLANG_WARN_SUSPICIOUS_MOVE = YES;
				CLANG_WARN_UNGUARDED_AVAILABILITY = YES_AGGRESSIVE;
				CLANG_WARN_UNREACHABLE_CODE = YES;
				CLANG_WARN__DUPLICATE_METHOD_MATCH = YES;
				COPY_PHASE_STRIP = NO;
				DEBUG_INFORMATION_FORMAT = "dwarf-with-dsym";
				ENABLE_NS_ASSERTIONS = NO;
				ENABLE_STRICT_OBJC_MSGSEND = YES;
				ENABLE_USER_SCRIPT_SANDBOXING = YES;
				GCC_C_LANGUAGE_STANDARD = gnu17;
				GCC_NO_COMMON_BLOCKS = YES;
				GCC_WARN_64_TO_32_BIT_CONVERSION = YES;
				GCC_WARN_ABOUT_RETURN_TYPE = YES_ERROR;
				GCC_WARN_UNDECLARED_SELECTOR = YES;
				GCC_WARN_UNINITIALIZED_AUTOS = YES_AGGRESSIVE;
				GCC_WARN_UNUSED_FUNCTION = YES;
				GCC_WARN_UNUSED_VARIABLE = YES;
				IPHONEOS_DEPLOYMENT_TARGET = 17.0;
				LOCALIZATION_PREFERS_STRING_CATALOGS = YES;
				MTL_ENABLE_DEBUG_INFO = NO;
				MTL_FAST_MATH = YES;
				SDKROOT = iphoneos;
				SWIFT_COMPILATION_MODE = wholemodule;
				VALIDATE_PRODUCT = YES;
			};
			name = Release;
		};
		39C9CEFD2CD9855900F3D04D /* Debug */ = {
			isa = XCBuildConfiguration;
			baseConfigurationReference = 8BD9E43EB89EE86F8C425CE7 /* Pods-Driveuploader.debug.xcconfig */;
			buildSettings = {
				ASSETCATALOG_COMPILER_APPICON_NAME = AppIcon;
				ASSETCATALOG_COMPILER_GLOBAL_ACCENT_COLOR_NAME = AccentColor;
				CODE_SIGN_ENTITLEMENTS = Driveuploader/Driveuploader.entitlements;
				CODE_SIGN_STYLE = Automatic;
				CURRENT_PROJECT_VERSION = 1;
				DEVELOPMENT_ASSET_PATHS = "\"Driveuploader/Preview Content\"";
				DEVELOPMENT_TEAM = 38V66H366K;
				ENABLE_PREVIEWS = YES;
				ENABLE_USER_SCRIPT_SANDBOXING = NO;
				GENERATE_INFOPLIST_FILE = YES;
				INFOPLIST_FILE = Driveuploader/Info.plist;
				INFOPLIST_KEY_NSCameraUsageDescription = "Need camera access to take photos of currency";
				INFOPLIST_KEY_NSPhotoLibraryUsageDescription = "Need photo library access to select currency images";
				INFOPLIST_KEY_UIApplicationSupportsIndirectInputEvents = YES;
				INFOPLIST_KEY_UISupportedInterfaceOrientations = "UIInterfaceOrientationPortrait UIInterfaceOrientationLandscapeLeft UIInterfaceOrientationLandscapeRight";
				INFOPLIST_KEY_UISupportedInterfaceOrientations_iPad = "UIInterfaceOrientationPortrait UIInterfaceOrientationPortraitUpsideDown UIInterfaceOrientationLandscapeLeft UIInterfaceOrientationLandscapeRight";
				INFOPLIST_KEY_UISupportedInterfaceOrientations_iPhone = "UIInterfaceOrientationPortrait UIInterfaceOrientationLandscapeLeft UIInterfaceOrientationLandscapeRight";
				LD_RUNPATH_SEARCH_PATHS = (
					"$(inherited)",
					"@executable_path/Frameworks",
				);
				MARKETING_VERSION = 1.0;
				NEW_SETTING = "";
				PRODUCT_BUNDLE_IDENTIFIER = hh.Driveuploader;
				PRODUCT_NAME = "$(TARGET_NAME)";
				SWIFT_EMIT_LOC_STRINGS = YES;
				SWIFT_VERSION = 5.0;
				TARGETED_DEVICE_FAMILY = "1,2";
			};
			name = Debug;
		};
		39C9CEFE2CD9855900F3D04D /* Release */ = {
			isa = XCBuildConfiguration;
			baseConfigurationReference = 9A2CD9F257595905E42B7CE6 /* Pods-Driveuploader.release.xcconfig */;
			buildSettings = {
				ASSETCATALOG_COMPILER_APPICON_NAME = AppIcon;
				ASSETCATALOG_COMPILER_GLOBAL_ACCENT_COLOR_NAME = AccentColor;
				CODE_SIGN_ENTITLEMENTS = Driveuploader/Driveuploader.entitlements;
				CODE_SIGN_STYLE = Automatic;
				CURRENT_PROJECT_VERSION = 1;
				DEVELOPMENT_ASSET_PATHS = "\"Driveuploader/Preview Content\"";
				DEVELOPMENT_TEAM = 38V66H366K;
				ENABLE_PREVIEWS = YES;
				ENABLE_USER_SCRIPT_SANDBOXING = NO;
				GENERATE_INFOPLIST_FILE = YES;
				INFOPLIST_FILE = Driveuploader/Info.plist;
				INFOPLIST_KEY_NSCameraUsageDescription = "Need camera access to take photos of currency";
				INFOPLIST_KEY_NSPhotoLibraryUsageDescription = "Need photo library access to select currency images";
				INFOPLIST_KEY_UIApplicationSupportsIndirectInputEvents = YES;
				INFOPLIST_KEY_UISupportedInterfaceOrientations = "UIInterfaceOrientationPortrait UIInterfaceOrientationLandscapeLeft UIInterfaceOrientationLandscapeRight";
				INFOPLIST_KEY_UISupportedInterfaceOrientations_iPad = "UIInterfaceOrientationPortrait UIInterfaceOrientationPortraitUpsideDown UIInterfaceOrientationLandscapeLeft UIInterfaceOrientationLandscapeRight";
				INFOPLIST_KEY_UISupportedInterfaceOrientations_iPhone = "UIInterfaceOrientationPortrait UIInterfaceOrientationLandscapeLeft UIInterfaceOrientationLandscapeRight";
				LD_RUNPATH_SEARCH_PATHS = (
					"$(inherited)",
					"@executable_path/Frameworks",
				);
				MARKETING_VERSION = 1.0;
				NEW_SETTING = "";
				PRODUCT_BUNDLE_IDENTIFIER = hh.Driveuploader;
				PRODUCT_NAME = "$(TARGET_NAME)";
				SWIFT_EMIT_LOC_STRINGS = YES;
				SWIFT_VERSION = 5.0;
				TARGETED_DEVICE_FAMILY = "1,2";
			};
			name = Release;
		};
		39C9CF002CD9855900F3D04D /* Debug */ = {
			isa = XCBuildConfiguration;
			buildSettings = {
				ALWAYS_EMBED_SWIFT_STANDARD_LIBRARIES = YES;
				BUNDLE_LOADER = "$(TEST_HOST)";
				CODE_SIGN_STYLE = Automatic;
				CURRENT_PROJECT_VERSION = 1;
				GENERATE_INFOPLIST_FILE = YES;
				IPHONEOS_DEPLOYMENT_TARGET = 17.0;
				MARKETING_VERSION = 1.0;
				PRODUCT_BUNDLE_IDENTIFIER = hh.DriveuploaderTests;
				PRODUCT_NAME = "$(TARGET_NAME)";
				SWIFT_EMIT_LOC_STRINGS = NO;
				SWIFT_VERSION = 5.0;
				TARGETED_DEVICE_FAMILY = "1,2";
				TEST_HOST = "$(BUILT_PRODUCTS_DIR)/Driveuploader.app/$(BUNDLE_EXECUTABLE_FOLDER_PATH)/Driveuploader";
			};
			name = Debug;
		};
		39C9CF012CD9855900F3D04D /* Release */ = {
			isa = XCBuildConfiguration;
			buildSettings = {
				ALWAYS_EMBED_SWIFT_STANDARD_LIBRARIES = YES;
				BUNDLE_LOADER = "$(TEST_HOST)";
				CODE_SIGN_STYLE = Automatic;
				CURRENT_PROJECT_VERSION = 1;
				GENERATE_INFOPLIST_FILE = YES;
				IPHONEOS_DEPLOYMENT_TARGET = 17.0;
				MARKETING_VERSION = 1.0;
				PRODUCT_BUNDLE_IDENTIFIER = hh.DriveuploaderTests;
				PRODUCT_NAME = "$(TARGET_NAME)";
				SWIFT_EMIT_LOC_STRINGS = NO;
				SWIFT_VERSION = 5.0;
				TARGETED_DEVICE_FAMILY = "1,2";
				TEST_HOST = "$(BUILT_PRODUCTS_DIR)/Driveuploader.app/$(BUNDLE_EXECUTABLE_FOLDER_PATH)/Driveuploader";
			};
			name = Release;
		};
		39C9CF032CD9855900F3D04D /* Debug */ = {
			isa = XCBuildConfiguration;
			buildSettings = {
				ALWAYS_EMBED_SWIFT_STANDARD_LIBRARIES = YES;
				CODE_SIGN_STYLE = Automatic;
				CURRENT_PROJECT_VERSION = 1;
				GENERATE_INFOPLIST_FILE = YES;
				MARKETING_VERSION = 1.0;
				PRODUCT_BUNDLE_IDENTIFIER = hh.DriveuploaderUITests;
				PRODUCT_NAME = "$(TARGET_NAME)";
				SWIFT_EMIT_LOC_STRINGS = NO;
				SWIFT_VERSION = 5.0;
				TARGETED_DEVICE_FAMILY = "1,2";
				TEST_TARGET_NAME = Driveuploader;
			};
			name = Debug;
		};
		39C9CF042CD9855900F3D04D /* Release */ = {
			isa = XCBuildConfiguration;
			buildSettings = {
				ALWAYS_EMBED_SWIFT_STANDARD_LIBRARIES = YES;
				CODE_SIGN_STYLE = Automatic;
				CURRENT_PROJECT_VERSION = 1;
				GENERATE_INFOPLIST_FILE = YES;
				MARKETING_VERSION = 1.0;
				PRODUCT_BUNDLE_IDENTIFIER = hh.DriveuploaderUITests;
				PRODUCT_NAME = "$(TARGET_NAME)";
				SWIFT_EMIT_LOC_STRINGS = NO;
				SWIFT_VERSION = 5.0;
				TARGETED_DEVICE_FAMILY = "1,2";
				TEST_TARGET_NAME = Driveuploader;
			};
			name = Release;
		};
/* End XCBuildConfiguration section */

/* Begin XCConfigurationList section */
		39C9CECF2CD9855600F3D04D /* Build configuration list for PBXProject "Driveuploader" */ = {
			isa = XCConfigurationList;
			buildConfigurations = (
				39C9CEFA2CD9855900F3D04D /* Debug */,
				39C9CEFB2CD9855900F3D04D /* Release */,
			);
			defaultConfigurationIsVisible = 0;
			defaultConfigurationName = Release;
		};
		39C9CEFC2CD9855900F3D04D /* Build configuration list for PBXNativeTarget "Driveuploader" */ = {
			isa = XCConfigurationList;
			buildConfigurations = (
				39C9CEFD2CD9855900F3D04D /* Debug */,
				39C9CEFE2CD9855900F3D04D /* Release */,
			);
			defaultConfigurationIsVisible = 0;
			defaultConfigurationName = Release;
		};
		39C9CEFF2CD9855900F3D04D /* Build configuration list for PBXNativeTarget "DriveuploaderTests" */ = {
			isa = XCConfigurationList;
			buildConfigurations = (
				39C9CF002CD9855900F3D04D /* Debug */,
				39C9CF012CD9855900F3D04D /* Release */,
			);
			defaultConfigurationIsVisible = 0;
			defaultConfigurationName = Release;
		};
		39C9CF022CD9855900F3D04D /* Build configuration list for PBXNativeTarget "DriveuploaderUITests" */ = {
			isa = XCConfigurationList;
			buildConfigurations = (
				39C9CF032CD9855900F3D04D /* Debug */,
				39C9CF042CD9855900F3D04D /* Release */,
			);
			defaultConfigurationIsVisible = 0;
			defaultConfigurationName = Release;
		};
/* End XCConfigurationList section */

/* Begin XCRemoteSwiftPackageReference section */
		39C9CF072CD9874F00F3D04D /* XCRemoteSwiftPackageReference "GoogleSignIn-iOS" */ = {
			isa = XCRemoteSwiftPackageReference;
			repositoryURL = "https://github.com/google/GoogleSignIn-iOS.git";
			requirement = {
				kind = upToNextMajorVersion;
				minimumVersion = 8.0.0;
			};
		};
		39C9CF1A2CD990BB00F3D04D /* XCRemoteSwiftPackageReference "google-api-objectivec-client-for-rest" */ = {
			isa = XCRemoteSwiftPackageReference;
			repositoryURL = "https://github.com/google/google-api-objectivec-client-for-rest";
			requirement = {
				branch = main;
				kind = branch;
			};
		};
/* End XCRemoteSwiftPackageReference section */

/* Begin XCSwiftPackageProductDependency section */
		39E0FB0B2CD99CB00024756A /* GoogleSignIn */ = {
			isa = XCSwiftPackageProductDependency;
			package = 39C9CF072CD9874F00F3D04D /* XCRemoteSwiftPackageReference "GoogleSignIn-iOS" */;
			productName = GoogleSignIn;
		};
		39E0FB0D2CD99CB00024756A /* GoogleSignInSwift */ = {
			isa = XCSwiftPackageProductDependency;
			package = 39C9CF072CD9874F00F3D04D /* XCRemoteSwiftPackageReference "GoogleSignIn-iOS" */;
			productName = GoogleSignInSwift;
		};
		39E0FB0F2CD99CF60024756A /* GoogleAPIClientForRESTCore */ = {
			isa = XCSwiftPackageProductDependency;
			package = 39C9CF1A2CD990BB00F3D04D /* XCRemoteSwiftPackageReference "google-api-objectivec-client-for-rest" */;
			productName = GoogleAPIClientForRESTCore;
		};
		39E0FB112CD99CF60024756A /* GoogleAPIClientForREST_ACMEDNS */ = {
			isa = XCSwiftPackageProductDependency;
			package = 39C9CF1A2CD990BB00F3D04D /* XCRemoteSwiftPackageReference "google-api-objectivec-client-for-rest" */;
			productName = GoogleAPIClientForREST_ACMEDNS;
		};
		39E0FB132CD99CF60024756A /* GoogleAPIClientForREST_AIPlatformNotebooks */ = {
			isa = XCSwiftPackageProductDependency;
			package = 39C9CF1A2CD990BB00F3D04D /* XCRemoteSwiftPackageReference "google-api-objectivec-client-for-rest" */;
			productName = GoogleAPIClientForREST_AIPlatformNotebooks;
		};
		39E0FB152CD99CF60024756A /* GoogleAPIClientForREST_APIGateway */ = {
			isa = XCSwiftPackageProductDependency;
			package = 39C9CF1A2CD990BB00F3D04D /* XCRemoteSwiftPackageReference "google-api-objectivec-client-for-rest" */;
			productName = GoogleAPIClientForREST_APIGateway;
		};
		39E0FB172CD99CF60024756A /* GoogleAPIClientForREST_APIManagement */ = {
			isa = XCSwiftPackageProductDependency;
			package = 39C9CF1A2CD990BB00F3D04D /* XCRemoteSwiftPackageReference "google-api-objectivec-client-for-rest" */;
			productName = GoogleAPIClientForREST_APIManagement;
		};
		39E85D4A2CD99F85006222FA /* GoogleAPIClientForRESTCore */ = {
			isa = XCSwiftPackageProductDependency;
			package = 39C9CF1A2CD990BB00F3D04D /* XCRemoteSwiftPackageReference "google-api-objectivec-client-for-rest" */;
			productName = GoogleAPIClientForRESTCore;
		};
		39E85D4C2CD99F85006222FA /* GoogleAPIClientForREST_ACMEDNS */ = {
			isa = XCSwiftPackageProductDependency;
			package = 39C9CF1A2CD990BB00F3D04D /* XCRemoteSwiftPackageReference "google-api-objectivec-client-for-rest" */;
			productName = GoogleAPIClientForREST_ACMEDNS;
		};
		39E85D4E2CD9A2EC006222FA /* GoogleAPIClientForREST_AbusiveExperienceReport */ = {
			isa = XCSwiftPackageProductDependency;
			package = 39C9CF1A2CD990BB00F3D04D /* XCRemoteSwiftPackageReference "google-api-objectivec-client-for-rest" */;
			productName = GoogleAPIClientForREST_AbusiveExperienceReport;
		};
		39E85D502CD9A2EC006222FA /* GoogleAPIClientForREST_Acceleratedmobilepageurl */ = {
			isa = XCSwiftPackageProductDependency;
			package = 39C9CF1A2CD990BB00F3D04D /* XCRemoteSwiftPackageReference "google-api-objectivec-client-for-rest" */;
			productName = GoogleAPIClientForREST_Acceleratedmobilepageurl;
		};
		39E85D522CD9A2EC006222FA /* GoogleAPIClientForREST_AccessApproval */ = {
			isa = XCSwiftPackageProductDependency;
			package = 39C9CF1A2CD990BB00F3D04D /* XCRemoteSwiftPackageReference "google-api-objectivec-client-for-rest" */;
			productName = GoogleAPIClientForREST_AccessApproval;
		};
		39E85D542CD9A2EC006222FA /* GoogleAPIClientForREST_AccessContextManager */ = {
			isa = XCSwiftPackageProductDependency;
			package = 39C9CF1A2CD990BB00F3D04D /* XCRemoteSwiftPackageReference "google-api-objectivec-client-for-rest" */;
			productName = GoogleAPIClientForREST_AccessContextManager;
		};
		39E85D562CD9A2EC006222FA /* GoogleAPIClientForREST_AdExchangeBuyerII */ = {
			isa = XCSwiftPackageProductDependency;
			package = 39C9CF1A2CD990BB00F3D04D /* XCRemoteSwiftPackageReference "google-api-objectivec-client-for-rest" */;
			productName = GoogleAPIClientForREST_AdExchangeBuyerII;
		};
		39E85D582CD9A2EC006222FA /* GoogleAPIClientForREST_AdExperienceReport */ = {
			isa = XCSwiftPackageProductDependency;
			package = 39C9CF1A2CD990BB00F3D04D /* XCRemoteSwiftPackageReference "google-api-objectivec-client-for-rest" */;
			productName = GoogleAPIClientForREST_AdExperienceReport;
		};
		39E85D5A2CD9A2EC006222FA /* GoogleAPIClientForREST_AdMob */ = {
			isa = XCSwiftPackageProductDependency;
			package = 39C9CF1A2CD990BB00F3D04D /* XCRemoteSwiftPackageReference "google-api-objectivec-client-for-rest" */;
			productName = GoogleAPIClientForREST_AdMob;
		};
		39E85D5C2CD9A2EC006222FA /* GoogleAPIClientForREST_AdSenseHost */ = {
			isa = XCSwiftPackageProductDependency;
			package = 39C9CF1A2CD990BB00F3D04D /* XCRemoteSwiftPackageReference "google-api-objectivec-client-for-rest" */;
			productName = GoogleAPIClientForREST_AdSenseHost;
		};
		39E85D5E2CD9A2EC006222FA /* GoogleAPIClientForREST_AdSensePlatform */ = {
			isa = XCSwiftPackageProductDependency;
			package = 39C9CF1A2CD990BB00F3D04D /* XCRemoteSwiftPackageReference "google-api-objectivec-client-for-rest" */;
			productName = GoogleAPIClientForREST_AdSensePlatform;
		};
		39E85D602CD9A2EC006222FA /* GoogleAPIClientForREST_AddressValidation */ = {
			isa = XCSwiftPackageProductDependency;
			package = 39C9CF1A2CD990BB00F3D04D /* XCRemoteSwiftPackageReference "google-api-objectivec-client-for-rest" */;
			productName = GoogleAPIClientForREST_AddressValidation;
		};
		39E85D622CD9A2EC006222FA /* GoogleAPIClientForREST_Adsense */ = {
			isa = XCSwiftPackageProductDependency;
			package = 39C9CF1A2CD990BB00F3D04D /* XCRemoteSwiftPackageReference "google-api-objectivec-client-for-rest" */;
			productName = GoogleAPIClientForREST_Adsense;
		};
		39E85D642CD9A2EC006222FA /* GoogleAPIClientForREST_Advisorynotifications */ = {
			isa = XCSwiftPackageProductDependency;
			package = 39C9CF1A2CD990BB00F3D04D /* XCRemoteSwiftPackageReference "google-api-objectivec-client-for-rest" */;
			productName = GoogleAPIClientForREST_Advisorynotifications;
		};
		39E85D662CD9A2EC006222FA /* GoogleAPIClientForREST_Aiplatform */ = {
			isa = XCSwiftPackageProductDependency;
			package = 39C9CF1A2CD990BB00F3D04D /* XCRemoteSwiftPackageReference "google-api-objectivec-client-for-rest" */;
			productName = GoogleAPIClientForREST_Aiplatform;
		};
		39E85D682CD9A2EC006222FA /* GoogleAPIClientForREST_AirQuality */ = {
			isa = XCSwiftPackageProductDependency;
			package = 39C9CF1A2CD990BB00F3D04D /* XCRemoteSwiftPackageReference "google-api-objectivec-client-for-rest" */;
			productName = GoogleAPIClientForREST_AirQuality;
		};
		39E85D6A2CD9A2EC006222FA /* GoogleAPIClientForREST_AlertCenter */ = {
			isa = XCSwiftPackageProductDependency;
			package = 39C9CF1A2CD990BB00F3D04D /* XCRemoteSwiftPackageReference "google-api-objectivec-client-for-rest" */;
			productName = GoogleAPIClientForREST_AlertCenter;
		};
		39E85D6C2CD9A2EC006222FA /* GoogleAPIClientForREST_Analytics */ = {
			isa = XCSwiftPackageProductDependency;
			package = 39C9CF1A2CD990BB00F3D04D /* XCRemoteSwiftPackageReference "google-api-objectivec-client-for-rest" */;
			productName = GoogleAPIClientForREST_Analytics;
		};
		39E85D6E2CD9A2EC006222FA /* GoogleAPIClientForREST_AnalyticsData */ = {
			isa = XCSwiftPackageProductDependency;
			package = 39C9CF1A2CD990BB00F3D04D /* XCRemoteSwiftPackageReference "google-api-objectivec-client-for-rest" */;
			productName = GoogleAPIClientForREST_AnalyticsData;
		};
		39E85D702CD9A2EC006222FA /* GoogleAPIClientForREST_AnalyticsHub */ = {
			isa = XCSwiftPackageProductDependency;
			package = 39C9CF1A2CD990BB00F3D04D /* XCRemoteSwiftPackageReference "google-api-objectivec-client-for-rest" */;
			productName = GoogleAPIClientForREST_AnalyticsHub;
		};
		39E85D722CD9A2EC006222FA /* GoogleAPIClientForREST_AnalyticsReporting */ = {
			isa = XCSwiftPackageProductDependency;
			package = 39C9CF1A2CD990BB00F3D04D /* XCRemoteSwiftPackageReference "google-api-objectivec-client-for-rest" */;
			productName = GoogleAPIClientForREST_AnalyticsReporting;
		};
		39E85D742CD9A2EC006222FA /* GoogleAPIClientForREST_AndroidEnterprise */ = {
			isa = XCSwiftPackageProductDependency;
			package = 39C9CF1A2CD990BB00F3D04D /* XCRemoteSwiftPackageReference "google-api-objectivec-client-for-rest" */;
			productName = GoogleAPIClientForREST_AndroidEnterprise;
		};
		39E85D762CD9A2EC006222FA /* GoogleAPIClientForREST_AndroidManagement */ = {
			isa = XCSwiftPackageProductDependency;
			package = 39C9CF1A2CD990BB00F3D04D /* XCRemoteSwiftPackageReference "google-api-objectivec-client-for-rest" */;
			productName = GoogleAPIClientForREST_AndroidManagement;
		};
		39E85D782CD9A2EC006222FA /* GoogleAPIClientForREST_AndroidProvisioningPartner */ = {
			isa = XCSwiftPackageProductDependency;
			package = 39C9CF1A2CD990BB00F3D04D /* XCRemoteSwiftPackageReference "google-api-objectivec-client-for-rest" */;
			productName = GoogleAPIClientForREST_AndroidProvisioningPartner;
		};
		39E85D7A2CD9A2EC006222FA /* GoogleAPIClientForREST_AndroidPublisher */ = {
			isa = XCSwiftPackageProductDependency;
			package = 39C9CF1A2CD990BB00F3D04D /* XCRemoteSwiftPackageReference "google-api-objectivec-client-for-rest" */;
			productName = GoogleAPIClientForREST_AndroidPublisher;
		};
		39E85D7C2CD9A2EC006222FA /* GoogleAPIClientForREST_ApiKeysService */ = {
			isa = XCSwiftPackageProductDependency;
			package = 39C9CF1A2CD990BB00F3D04D /* XCRemoteSwiftPackageReference "google-api-objectivec-client-for-rest" */;
			productName = GoogleAPIClientForREST_ApiKeysService;
		};
/* End XCSwiftPackageProductDependency section */
	};
	rootObject = 39C9CECC2CD9855600F3D04D /* Project object */;
}
